
Microsoft Visual Studio Solution File, Format Version 12.00
# Visual Studio Version 17
VisualStudioVersion = 17.12.35527.113
MinimumVisualStudioVersion = 10.0.40219.1
Project("{FAE04EC0-301F-11D3-BF4B-00C04F79EFBC}") = "Oryn.Maui.Font.MaterialIcons", "src\Oryn.Maui.Font.MaterialIcons.csproj", "{EBEA3AA4-896A-4BF1-8B50-B15FF1BED494}"
EndProject
Project("{FAE04EC0-301F-11D3-BF4B-00C04F79EFBC}") = "sample", "sample\sample.csproj", "{87AD6D11-EE94-4E98-BB5C-01EFCFDD90EE}"
EndProject
Global
	GlobalSection(SolutionConfigurationPlatforms) = preSolution
		Debug|Any CPU = Debug|Any CPU
		Release|Any CPU = Release|Any CPU
	EndGlobalSection
	GlobalSection(ProjectConfigurationPlatforms) = postSolution
		{EBEA3AA4-896A-4BF1-8B50-B15FF1BED494}.Debug|Any CPU.ActiveCfg = Debug|Any CPU
		{EBEA3AA4-896A-4BF1-8B50-B15FF1BED494}.Debug|Any CPU.Build.0 = Debug|Any CPU
		{EBEA3AA4-896A-4BF1-8B50-B15FF1BED494}.Release|Any CPU.ActiveCfg = Release|Any CPU
		{EBEA3AA4-896A-4BF1-8B50-B15FF1BED494}.Release|Any CPU.Build.0 = Release|Any CPU
		{87AD6D11-EE94-4E98-BB5C-01EFCFDD90EE}.Debug|Any CPU.ActiveCfg = Debug|Any CPU
		{87AD6D11-EE94-4E98-BB5C-01EFCFDD90EE}.Debug|Any CPU.Build.0 = Debug|Any CPU
		{87AD6D11-EE94-4E98-BB5C-01EFCFDD90EE}.Debug|Any CPU.Deploy.0 = Debug|Any CPU
		{87AD6D11-EE94-4E98-BB5C-01EFCFDD90EE}.Release|Any CPU.ActiveCfg = Release|Any CPU
		{87AD6D11-EE94-4E98-BB5C-01EFCFDD90EE}.Release|Any CPU.Build.0 = Release|Any CPU
		{87AD6D11-EE94-4E98-BB5C-01EFCFDD90EE}.Release|Any CPU.Deploy.0 = Release|Any CPU
	EndGlobalSection
	GlobalSection(SolutionProperties) = preSolution
		HideSolutionNode = FALSE
	EndGlobalSection
EndGlobal
